PODS:
  - Flutter (1.0.0)
  - path_provider_ios (0.0.1):
    - Flutter
  - scan (0.0.1):
    - Flutter
  - shared_preferences_foundation (0.0.1):
    - Flutter
    - FlutterMacOS

DEPENDENCIES:
  - Flutter (from `Flutter`)
  - path_provider_ios (from `.symlinks/plugins/path_provider_ios/ios`)
  - scan (from `.symlinks/plugins/scan/ios`)
  - shared_preferences_foundation (from `.symlinks/plugins/shared_preferences_foundation/ios`)

EXTERNAL SOURCES:
  Flutter:
    :path: Flutter
  path_provider_ios:
    :path: ".symlinks/plugins/path_provider_ios/ios"
  scan:
    :path: ".symlinks/plugins/scan/ios"
  shared_preferences_foundation:
    :path: ".symlinks/plugins/shared_preferences_foundation/ios"

SPEC CHECKSUMS:
  Flutter: 50d75fe2f02b26cc09d224853bb45737f8b3214a
  path_provider_ios: 14f3d2fd28c4fdb42f44e0f751d12861c43cee02
  scan: aea35bb4aa59ccc8839c576a18cd57c7d492cc86
  shared_preferences_foundation: 297b3ebca31b34ec92be11acd7fb0ba932c822ca

PODFILE CHECKSUM: ef19549a9bc3046e7bb7d2fab4d021637c0c58a3

COCOAPODS: 1.11.3
